
Microsoft Visual Studio Solution File, Format Version 12.00
# Visual Studio Version 16
VisualStudioVersion = 16.0.31105.61
MinimumVisualStudioVersion = 10.0.40219.1
Project("{FAE04EC0-301F-11D3-BF4B-00C04F79EFBC}") = "ReferenceTypeVariables", "ReferenceTypeVariables\ReferenceTypeVariables.csproj", "{BDC06ED7-DA04-417B-912E-DB99087EEA78}"
EndProject
Global
	GlobalSection(SolutionConfigurationPlatforms) = preSolution
		Debug|Any CPU = Debug|Any CPU
		Release|Any CPU = Release|Any CPU
	EndGlobalSection
	GlobalSection(ProjectConfigurationPlatforms) = postSolution
		{BDC06ED7-DA04-417B-912E-DB99087EEA78}.Debug|Any CPU.ActiveCfg = Debug|Any CPU
		{BDC06ED7-DA04-417B-912E-DB99087EEA78}.Debug|Any CPU.Build.0 = Debug|Any CPU
		{BDC06ED7-DA04-417B-912E-DB99087EEA78}.Release|Any CPU.ActiveCfg = Release|Any CPU
		{BDC06ED7-DA04-417B-912E-DB99087EEA78}.Release|Any CPU.Build.0 = Release|Any CPU
	EndGlobalSection
	GlobalSection(SolutionProperties) = preSolution
		HideSolutionNode = FALSE
	EndGlobalSection
	GlobalSection(ExtensibilityGlobals) = postSolution
		SolutionGuid = {AB0EE508-AC36-4764-9484-E61CD1FA480D}
	EndGlobalSection
EndGlobal
